
Microsoft Visual Studio Solution File, Format Version 12.00
# Visual Studio 15
VisualStudioVersion = 15.0.28307.645
MinimumVisualStudioVersion = 10.0.40219.1
Project("{FAE04EC0-301F-11D3-BF4B-00C04F79EFBC}") = "drugiep", "drugiep\drugiep.csproj", "{D70D4CC2-A981-4400-BE90-B375D4892B41}"
EndProject
Project("{FAE04EC0-301F-11D3-BF4B-00C04F79EFBC}") = "test_prog", "test_prog\test_prog.csproj", "{483456AB-87D4-410D-9A73-9D6B31E9A349}"
EndProject
Global
	GlobalSection(SolutionConfigurationPlatforms) = preSolution
		Debug|Any CPU = Debug|Any CPU
		Release|Any CPU = Release|Any CPU
	EndGlobalSection
	GlobalSection(ProjectConfigurationPlatforms) = postSolution
		{D70D4CC2-A981-4400-BE90-B375D4892B41}.Debug|Any CPU.ActiveCfg = Debug|Any CPU
		{D70D4CC2-A981-4400-BE90-B375D4892B41}.Debug|Any CPU.Build.0 = Debug|Any CPU
		{D70D4CC2-A981-4400-BE90-B375D4892B41}.Release|Any CPU.ActiveCfg = Release|Any CPU
		{D70D4CC2-A981-4400-BE90-B375D4892B41}.Release|Any CPU.Build.0 = Release|Any CPU
		{483456AB-87D4-410D-9A73-9D6B31E9A349}.Debug|Any CPU.ActiveCfg = Debug|Any CPU
		{483456AB-87D4-410D-9A73-9D6B31E9A349}.Debug|Any CPU.Build.0 = Debug|Any CPU
		{483456AB-87D4-410D-9A73-9D6B31E9A349}.Release|Any CPU.ActiveCfg = Release|Any CPU
		{483456AB-87D4-410D-9A73-9D6B31E9A349}.Release|Any CPU.Build.0 = Release|Any CPU
	EndGlobalSection
	GlobalSection(SolutionProperties) = preSolution
		HideSolutionNode = FALSE
	EndGlobalSection
	GlobalSection(ExtensibilityGlobals) = postSolution
		SolutionGuid = {14E00F3C-3DD1-41CB-8FD1-F36C27642C8C}
	EndGlobalSection
EndGlobal
